
Microsoft Visual Studio Solution File, Format Version 12.00
# Visual Studio 15
VisualStudioVersion = 15.0.27130.2027
MinimumVisualStudioVersion = 10.0.40219.1
Project("{FAE04EC0-301F-11D3-BF4B-00C04F79EFBC}") = "RoadsAccounting", "RoadsAccounting\RoadsAccounting.csproj", "{AA52730E-FFCE-43C7-B0ED-4859EE88A6B1}"
EndProject
Global
	GlobalSection(SolutionConfigurationPlatforms) = preSolution
		Debug|Any CPU = Debug|Any CPU
		Release|Any CPU = Release|Any CPU
	EndGlobalSection
	GlobalSection(ProjectConfigurationPlatforms) = postSolution
		{AA52730E-FFCE-43C7-B0ED-4859EE88A6B1}.Debug|Any CPU.ActiveCfg = Debug|Any CPU
		{AA52730E-FFCE-43C7-B0ED-4859EE88A6B1}.Debug|Any CPU.Build.0 = Debug|Any CPU
		{AA52730E-FFCE-43C7-B0ED-4859EE88A6B1}.Release|Any CPU.ActiveCfg = Release|Any CPU
		{AA52730E-FFCE-43C7-B0ED-4859EE88A6B1}.Release|Any CPU.Build.0 = Release|Any CPU
	EndGlobalSection
	GlobalSection(SolutionProperties) = preSolution
		HideSolutionNode = FALSE
	EndGlobalSection
	GlobalSection(ExtensibilityGlobals) = postSolution
		SolutionGuid = {751A7F46-C7F3-46CF-BF5E-CC12686A2108}
	EndGlobalSection
EndGlobal
